// !$*UTF8*$!
{
	archiveVersion = 1;
	classes = {
	};
	objectVersion = 46;
	objects = {

/* Begin PBXBuildFile section */
		400909941ED9C66200574C89 /* main.m in Sources */ = {isa = PBXBuildFile; fileRef = 400909931ED9C66200574C89 /* main.m */; };
		400909971ED9C66200574C89 /* AppDelegate.m in Sources */ = {isa = PBXBuildFile; fileRef = 400909961ED9C66200574C89 /* AppDelegate.m */; };
		4009099A1ED9C66200574C89 /* ViewController.m in Sources */ = {isa = PBXBuildFile; fileRef = 400909991ED9C66200574C89 /* ViewController.m */; };
		4009099D1ED9C66200574C89 /* Main.storyboard in Resources */ = {isa = PBXBuildFile; fileRef = 4009099B1ED9C66200574C89 /* Main.storyboard */; };
		4009099F1ED9C66200574C89 /* Assets.xcassets in Resources */ = {isa = PBXBuildFile; fileRef = 4009099E1ED9C66200574C89 /* Assets.xcassets */; };
		400909A21ED9C66200574C89 /* LaunchScreen.storyboard in Resources */ = {isa = PBXBuildFile; fileRef = 400909A01ED9C66200574C89 /* LaunchScreen.storyboard */; };
/* End PBXBuildFile section */

/* Begin PBXFileReference section */
		4009098F1ED9C66200574C89 /* CharAnimationDemo.app */ = {isa = PBXFileReference; explicitFileType = wrapper.application; includeInIndex = 0; path = CharAnimationDemo.app; sourceTree = BUILT_PRODUCTS_DIR; };
		400909931ED9C66200574C89 /* main.m */ = {isa = PBXFileReference; lastKnownFileType = sourcecode.c.objc; path = main.m; sourceTree = "<group>"; };
		400909951ED9C66200574C89 /* AppDelegate.h */ = {isa = PBXFileReference; lastKnownFileType = sourcecode.c.h; path = AppDelegate.h; sourceTree = "<group>"; };
		400909961ED9C66200574C89 /* AppDelegate.m */ = {isa = PBXFileReference; lastKnownFileType = sourcecode.c.objc; path = AppDelegate.m; sourceTree = "<group>"; };
		400909981ED9C66200574C89 /* ViewController.h */ = {isa = PBXFileReference; lastKnownFileType = sourcecode.c.h; path = ViewController.h; sourceTree = "<group>"; };
		400909991ED9C66200574C89 /* ViewController.m */ = {isa = PBXFileReference; lastKnownFileType = sourcecode.c.objc; path = ViewController.m; sourceTree = "<group>"; };
		4009099C1ED9C66200574C89 /* Base */ = {isa = PBXFileReference; lastKnownFileType = file.storyboard; name = Base; path = Base.lproj/Main.storyboard; sourceTree = "<group>"; };
		4009099E1ED9C66200574C89 /* Assets.xcassets */ = {isa = PBXFileReference; lastKnownFileType = folder.assetcatalog; path = Assets.xcassets; sourceTree = "<group>"; };
		400909A11ED9C66200574C89 /* Base */ = {isa = PBXFileReference; lastKnownFileType = file.storyboard; name = Base; path = Base.lproj/LaunchScreen.storyboard; sourceTree = "<group>"; };
		400909A31ED9C66200574C89 /* Info.plist */ = {isa = PBXFileReference; lastKnownFileType = text.plist.xml; path = Info.plist; sourceTree = "<group>"; };
/* End PBXFileReference section */

/* Begin PBXFrameworksBuildPhase section */
		4009098C1ED9C66200574C89 /* Frameworks */ = {
			isa = PBXFrameworksBuildPhase;
			buildActionMask = 2147483647;
			files = (
			);
			runOnlyForDeploymentPostprocessing = 0;
		};
/* End PBXFrameworksBuildPhase section */

/* Begin PBXGroup section */
		400909861ED9C66200574C89 = {
			isa = PBXGroup;
			children = (
				400909911ED9C66200574C89 /* CharAnimationDemo */,
				400909901ED9C66200574C89 /* Products */,
			);
			sourceTree = "<group>";
		};
		400909901ED9C66200574C89 /* Products */ = {
			isa = PBXGroup;
			children = (
				4009098F1ED9C66200574C89 /* CharAnimationDemo.app */,
			);
			name = Products;
			sourceTree = "<group>";
		};
		400909911ED9C66200574C89 /* CharAnimationDemo */ = {
			isa = PBXGroup;
			children = (
				400909951ED9C66200574C89 /* AppDelegate.h */,
				400909961ED9C66200574C89 /* AppDelegate.m */,
				400909981ED9C66200574C89 /* ViewController.h */,
				400909991ED9C66200574C89 /* ViewController.m */,
				4009099B1ED9C66200574C89 /* Main.storyboard */,
				4009099E1ED9C66200574C89 /* Assets.xcassets */,
				400909A01ED9C66200574C89 /* LaunchScreen.storyboard */,
				400909A31ED9C66200574C89 /* Info.plist */,
				400909921ED9C66200574C89 /* Supporting Files */,
			);
			path = CharAnimationDemo;
			sourceTree = "<group>";
		};
		400909921ED9C66200574C89 /* Supporting Files */ = {
			isa = PBXGroup;
			children = (
				400909931ED9C66200574C89 /* main.m */,
			);
			name = "Supporting Files";
			sourceTree = "<group>";
		};
/* End PBXGroup section */

/* Begin PBXNativeTarget section */
		4009098E1ED9C66200574C89 /* CharAnimationDemo */ = {
			isa = PBXNativeTarget;
			buildConfigurationList = 400909A61ED9C66200574C89 /* Build configuration list for PBXNativeTarget "CharAnimationDemo" */;
			buildPhases = (
				4009098B1ED9C66200574C89 /* Sources */,
				4009098C1ED9C66200574C89 /* Frameworks */,
				4009098D1ED9C66200574C89 /* Resources */,
			);
			buildRules = (
			);
			dependencies = (
			);
			name = CharAnimationDemo;
			productName = CharAnimationDemo;
			productReference = 4009098F1ED9C66200574C89 /* CharAnimationDemo.app */;
			productType = "com.apple.product-type.application";
		};
/* End PBXNativeTarget section */

/* Begin PBXProject section */
		400909871ED9C66200574C89 /* Project object */ = {
			isa = PBXProject;
			attributes = {
				LastUpgradeCheck = 0830;
				ORGANIZATIONNAME = littlewish;
				TargetAttributes = {
					4009098E1ED9C66200574C89 = {
						CreatedOnToolsVersion = 8.3.2;
						DevelopmentTeam = EXVF8X638T;
						ProvisioningStyle = Automatic;
					};
				};
			};
			buildConfigurationList = 4009098A1ED9C66200574C89 /* Build configuration list for PBXProject "CharAnimationDemo" */;
			compatibilityVersion = "Xcode 3.2";
			developmentRegion = English;
			hasScannedForEncodings = 0;
			knownRegions = (
				en,
				Base,
			);
			mainGroup = 400909861ED9C66200574C89;
			productRefGroup = 400909901ED9C66200574C89 /* Products */;
			projectDirPath = "";
			projectRoot = "";
			targets = (
				4009098E1ED9C66200574C89 /* CharAnimationDemo */,
			);
		};
/* End PBXProject section */

/* Begin PBXResourcesBuildPhase section */
		4009098D1ED9C66200574C89 /* Resources */ = {
			isa = PBXResourcesBuildPhase;
			buildActionMask = 2147483647;
			files = (
				400909A21ED9C66200574C89 /* LaunchScreen.storyboard in Resources */,
				4009099F1ED9C66200574C89 /* Assets.xcassets in Resources */,
				4009099D1ED9C66200574C89 /* Main.storyboard in Resources */,
			);
			runOnlyForDeploymentPostprocessing = 0;
		};
/* End PBXResourcesBuildPhase section */

/* Begin PBXSourcesBuildPhase section */
		4009098B1ED9C66200574C89 /* Sources */ = {
			isa = PBXSourcesBuildPhase;
			buildActionMask = 2147483647;
			files = (
				4009099A1ED9C66200574C89 /* ViewController.m in Sources */,
				400909971ED9C66200574C89 /* AppDelegate.m in Sources */,
				400909941ED9C66200574C89 /* main.m in Sources */,
			);
			runOnlyForDeploymentPostprocessing = 0;
		};
/* End PBXSourcesBuildPhase section */

/* Begin PBXVariantGroup section */
		4009099B1ED9C66200574C89 /* Main.storyboard */ = {
			isa = PBXVariantGroup;
			children = (
				4009099C1ED9C66200574C89 /* Base */,
			);
			name = Main.storyboard;
			sourceTree = "<group>";
		};
		400909A01ED9C66200574C89 /* LaunchScreen.storyboard */ = {
			isa = PBXVariantGroup;
			children = (
				400909A11ED9C66200574C89 /* Base */,
			);
			name = LaunchScreen.storyboard;
			sourceTree = "<group>";
		};
/* End PBXVariantGroup section */

/* Begin XCBuildConfiguration section */
		400909A41ED9C66200574C89 /* Debug */ = {
			isa = XCBuildConfiguration;
			buildSettings = {
				ALWAYS_SEARCH_USER_PATHS = NO;
				CLANG_ANALYZER_NONNULL = YES;
				CLANG_ANALYZER_NUMBER_OBJECT_CONVERSION = YES_AGGRESSIVE;
				CLANG_CXX_LANGUAGE_STANDARD = "gnu++0x";
				CLANG_CXX_LIBRARY = "libc++";
				CLANG_ENABLE_MODULES = YES;
				CLANG_ENABLE_OBJC_ARC = YES;
				CLANG_WARN_BOOL_CONVERSION = YES;
				CLANG_WARN_CONSTANT_CONVERSION = YES;
				CLANG_WARN_DIRECT_OBJC_ISA_USAGE = YES_ERROR;
				CLANG_WARN_DOCUMENTATION_COMMENTS = YES;
				CLANG_WARN_EMPTY_BODY = YES;
				CLANG_WARN_ENUM_CONVERSION = YES;
				CLANG_WARN_INFINITE_RECURSION = YES;
				CLANG_WARN_INT_CONVERSION = YES;
				CLANG_WARN_OBJC_ROOT_CLASS = YES_ERROR;
				CLANG_WARN_SUSPICIOUS_MOVE = YES;
				CLANG_WARN_UNREACHABLE_CODE = YES;
				CLANG_WARN__DUPLICATE_METHOD_MATCH = YES;
				"CODE_SIGN_IDENTITY[sdk=iphoneos*]" = "iPhone Developer";
				COPY_PHASE_STRIP = NO;
				DEBUG_INFORMATION_FORMAT = dwarf;
				ENABLE_STRICT_OBJC_MSGSEND = YES;
				ENABLE_TESTABILITY = YES;
				GCC_C_LANGUAGE_STANDARD = gnu99;
				GCC_DYNAMIC_NO_PIC = NO;
				GCC_NO_COMMON_BLOCKS = YES;
				GCC_OPTIMIZATION_LEVEL = 0;
				GCC_PREPROCESSOR_DEFINITIONS = (
					"DEBUG=1",
					"$(inherited)",
				);
				GCC_WARN_64_TO_32_BIT_CONVERSION = YES;
				GCC_WARN_ABOUT_RETURN_TYPE = YES_ERROR;
				GCC_WARN_UNDECLARED_SELECTOR = YES;
				GCC_WARN_UNINITIALIZED_AUTOS = YES_AGGRESSIVE;
				GCC_WARN_UNUSED_FUNCTION = YES;
				GCC_WARN_UNUSED_VARIABLE = YES;
				IPHONEOS_DEPLOYMENT_TARGET = 10.3;
				MTL_ENABLE_DEBUG_INFO = YES;
				ONLY_ACTIVE_ARCH = YES;
				SDKROOT = iphoneos;
				TARGETED_DEVICE_FAMILY = "1,2";
			};
			name = Debug;
		};
		400909A51ED9C66200574C89 /* Release */ = {
			isa = XCBuildConfiguration;
			buildSettings = {
				ALWAYS_SEARCH_USER_PATHS = NO;
				CLANG_ANALYZER_NONNULL = YES;
				CLANG_ANALYZER_NUMBER_OBJECT_CONVERSION = YES_AGGRESSIVE;
				CLANG_CXX_LANGUAGE_STANDARD = "gnu++0x";
				CLANG_CXX_LIBRARY = "libc++";
				CLANG_ENABLE_MODULES = YES;
				CLANG_ENABLE_OBJC_ARC = YES;
				CLANG_WARN_BOOL_CONVERSION = YES;
				CLANG_WARN_CONSTANT_CONVERSION = YES;
				CLANG_WARN_DIRECT_OBJC_ISA_USAGE = YES_ERROR;
				CLANG_WARN_DOCUMENTATION_COMMENTS = YES;
				CLANG_WARN_EMPTY_BODY = YES;
				CLANG_WARN_ENUM_CONVERSION = YES;
				CLANG_WARN_INFINITE_RECURSION = YES;
				CLANG_WARN_INT_CONVERSION = YES;
				CLANG_WARN_OBJC_ROOT_CLASS = YES_ERROR;
				CLANG_WARN_SUSPICIOUS_MOVE = YES;
				CLANG_WARN_UNREACHABLE_CODE = YES;
				CLANG_WARN__DUPLICATE_METHOD_MATCH = YES;
				"CODE_SIGN_IDENTITY[sdk=iphoneos*]" = "iPhone Developer";
				COPY_PHASE_STRIP = NO;
				DEBUG_INFORMATION_FORMAT = "dwarf-with-dsym";
				ENABLE_NS_ASSERTIONS = NO;
				ENABLE_STRICT_OBJC_MSGSEND = YES;
				GCC_C_LANGUAGE_STANDARD = gnu99;
				GCC_NO_COMMON_BLOCKS = YES;
				GCC_WARN_64_TO_32_BIT_CONVERSION = YES;
				GCC_WARN_ABOUT_RETURN_TYPE = YES_ERROR;
				GCC_WARN_UNDECLARED_SELECTOR = YES;
				GCC_WARN_UNINITIALIZED_AUTOS = YES_AGGRESSIVE;
				GCC_WARN_UNUSED_FUNCTION = YES;
				GCC_WARN_UNUSED_VARIABLE = YES;
				IPHONEOS_DEPLOYMENT_TARGET = 10.3;
				MTL_ENABLE_DEBUG_INFO = NO;
				SDKROOT = iphoneos;
				TARGETED_DEVICE_FAMILY = "1,2";
				VALIDATE_PRODUCT = YES;
			};
			name = Release;
		};
		400909A71ED9C66200574C89 /* Debug */ = {
			isa = XCBuildConfiguration;
			buildSettings = {
				ASSETCATALOG_COMPILER_APPICON_NAME = AppIcon;
				DEVELOPMENT_TEAM = EXVF8X638T;
				INFOPLIST_FILE = CharAnimationDemo/Info.plist;
				LD_RUNPATH_SEARCH_PATHS = "$(inherited) @executable_path/Frameworks";
				PRODUCT_BUNDLE_IDENTIFIER = HYQ.CharAnimationDemo;
				PRODUCT_NAME = "$(TARGET_NAME)";
			};
			name = Debug;
		};
		400909A81ED9C66200574C89 /* Release */ = {
			isa = XCBuildConfiguration;
			buildSettings = {
				ASSETCATALOG_COMPILER_APPICON_NAME = AppIcon;
				DEVELOPMENT_TEAM = EXVF8X638T;
				INFOPLIST_FILE = CharAnimationDemo/Info.plist;
				LD_RUNPATH_SEARCH_PATHS = "$(inherited) @executable_path/Frameworks";
				PRODUCT_BUNDLE_IDENTIFIER = HYQ.CharAnimationDemo;
				PRODUCT_NAME = "$(TARGET_NAME)";
			};
			name = Release;
		};
/* End XCBuildConfiguration section */

/* Begin XCConfigurationList section */
		4009098A1ED9C66200574C89 /* Build configuration list for PBXProject "CharAnimationDemo" */ = {
			isa = XCConfigurationList;
			buildConfigurations = (
				400909A41ED9C66200574C89 /* Debug */,
				400909A51ED9C66200574C89 /* Release */,
			);
			defaultConfigurationIsVisible = 0;
			defaultConfigurationName = Release;
		};
		400909A61ED9C66200574C89 /* Build configuration list for PBXNativeTarget "CharAnimationDemo" */ = {
			isa = XCConfigurationList;
			buildConfigurations = (
				400909A71ED9C66200574C89 /* Debug */,
				400909A81ED9C66200574C89 /* Release */,
			);
			defaultConfigurationIsVisible = 0;
		};
/* End XCConfigurationList section */
	};
	rootObject = 400909871ED9C66200574C89 /* Project object */;
}
